
Microsoft Visual Studio Solution File, Format Version 12.00
# Visual Studio Version 17
VisualStudioVersion = 17.10.34916.146
MinimumVisualStudioVersion = 10.0.40219.1
Project("{FAE04EC0-301F-11D3-BF4B-00C04F79EFBC}") = "HackNewsApi", "HackNewsApi.csproj", "{B3E9B539-B816-4104-A437-461FA417EECF}"
EndProject
Global
	GlobalSection(SolutionConfigurationPlatforms) = preSolution
		Debug|Any CPU = Debug|Any CPU
		Release|Any CPU = Release|Any CPU
	EndGlobalSection
	GlobalSection(ProjectConfigurationPlatforms) = postSolution
		{B3E9B539-B816-4104-A437-461FA417EECF}.Debug|Any CPU.ActiveCfg = Debug|Any CPU
		{B3E9B539-B816-4104-A437-461FA417EECF}.Debug|Any CPU.Build.0 = Debug|Any CPU
		{B3E9B539-B816-4104-A437-461FA417EECF}.Release|Any CPU.ActiveCfg = Release|Any CPU
		{B3E9B539-B816-4104-A437-461FA417EECF}.Release|Any CPU.Build.0 = Release|Any CPU
	EndGlobalSection
	GlobalSection(SolutionProperties) = preSolution
		HideSolutionNode = FALSE
	EndGlobalSection
	GlobalSection(ExtensibilityGlobals) = postSolution
		SolutionGuid = {F1C21779-9AA5-4B68-BF0C-A38B61D8EEBB}
	EndGlobalSection
EndGlobal
